
Microsoft Visual Studio Solution File, Format Version 12.00
# Visual Studio Version 16
VisualStudioVersion = 16.0.30611.23
MinimumVisualStudioVersion = 10.0.40219.1
Project("{FAE04EC0-301F-11D3-BF4B-00C04F79EFBC}") = "Dsl", "Dsl\Dsl.csproj", "{B3C49466-F364-486A-8208-43930902ACFF}"
EndProject
Project("{FAE04EC0-301F-11D3-BF4B-00C04F79EFBC}") = "DslPackage", "DslPackage\DslPackage.csproj", "{D7FC043A-09F4-419D-A9F5-14FD5A9F5ABB}"
EndProject
Global
	GlobalSection(SolutionConfigurationPlatforms) = preSolution
		Debug|Any CPU = Debug|Any CPU
		Release|Any CPU = Release|Any CPU
	EndGlobalSection
	GlobalSection(ProjectConfigurationPlatforms) = postSolution
		{B3C49466-F364-486A-8208-43930902ACFF}.Debug|Any CPU.ActiveCfg = Debug|Any CPU
		{B3C49466-F364-486A-8208-43930902ACFF}.Debug|Any CPU.Build.0 = Debug|Any CPU
		{B3C49466-F364-486A-8208-43930902ACFF}.Release|Any CPU.ActiveCfg = Release|Any CPU
		{B3C49466-F364-486A-8208-43930902ACFF}.Release|Any CPU.Build.0 = Release|Any CPU
		{D7FC043A-09F4-419D-A9F5-14FD5A9F5ABB}.Debug|Any CPU.ActiveCfg = Debug|Any CPU
		{D7FC043A-09F4-419D-A9F5-14FD5A9F5ABB}.Debug|Any CPU.Build.0 = Debug|Any CPU
		{D7FC043A-09F4-419D-A9F5-14FD5A9F5ABB}.Release|Any CPU.ActiveCfg = Release|Any CPU
		{D7FC043A-09F4-419D-A9F5-14FD5A9F5ABB}.Release|Any CPU.Build.0 = Release|Any CPU
	EndGlobalSection
	GlobalSection(SolutionProperties) = preSolution
		HideSolutionNode = FALSE
	EndGlobalSection
	GlobalSection(ExtensibilityGlobals) = postSolution
		SolutionGuid = {EF15A075-1DBF-445A-8D57-577AEA85D0B1}
	EndGlobalSection
EndGlobal
